
Microsoft Visual Studio Solution File, Format Version 12.00
# Visual Studio 15
Project("{FAE04EC0-301F-11D3-BF4B-00C04F79EFBC}") = "WixCreator", "WixCreator\WixCreator.csproj", "{A134BC64-3DF0-4F34-A887-DD6AA7A48F32}"
EndProject
Global
	GlobalSection(SolutionConfigurationPlatforms) = preSolution
		Debug|anycpu = Debug|anycpu
		Release|anycpu = Release|anycpu
	EndGlobalSection
	GlobalSection(ProjectConfigurationPlatforms) = postSolution
		{A134BC64-3DF0-4F34-A887-DD6AA7A48F32}.Debug|anycpu.ActiveCfg = Debug|anycpu
		{A134BC64-3DF0-4F34-A887-DD6AA7A48F32}.Debug|anycpu.Build.0 = Debug|anycpu
		{A134BC64-3DF0-4F34-A887-DD6AA7A48F32}.Release|anycpu.ActiveCfg = Release|anycpu
		{A134BC64-3DF0-4F34-A887-DD6AA7A48F32}.Release|anycpu.Build.0 = Release|anycpu
	EndGlobalSection
EndGlobal
